
Microsoft Visual Studio Solution File, Format Version 12.00
# Visual Studio Version 16
VisualStudioVersion = 16.0.29123.89
MinimumVisualStudioVersion = 10.0.40219.1
Project("{9A19103F-16F7-4668-BE54-9A1E7A4F7556}") = "CarSales", "SlikaOglasi\CarSales.csproj", "{52C45D1C-F2D7-4531-8115-BA2798878FBC}"
EndProject
Global
	GlobalSection(SolutionConfigurationPlatforms) = preSolution
		Debug|Any CPU = Debug|Any CPU
		Release|Any CPU = Release|Any CPU
	EndGlobalSection
	GlobalSection(ProjectConfigurationPlatforms) = postSolution
		{52C45D1C-F2D7-4531-8115-BA2798878FBC}.Debug|Any CPU.ActiveCfg = Debug|Any CPU
		{52C45D1C-F2D7-4531-8115-BA2798878FBC}.Debug|Any CPU.Build.0 = Debug|Any CPU
		{52C45D1C-F2D7-4531-8115-BA2798878FBC}.Release|Any CPU.ActiveCfg = Release|Any CPU
		{52C45D1C-F2D7-4531-8115-BA2798878FBC}.Release|Any CPU.Build.0 = Release|Any CPU
	EndGlobalSection
	GlobalSection(SolutionProperties) = preSolution
		HideSolutionNode = FALSE
	EndGlobalSection
	GlobalSection(ExtensibilityGlobals) = postSolution
		SolutionGuid = {FA39A677-426C-4E76-AB4B-95240B7A1D30}
	EndGlobalSection
EndGlobal
